
Microsoft Visual Studio Solution File, Format Version 12.00
# Visual Studio Version 17
VisualStudioVersion = 17.4.33103.184
MinimumVisualStudioVersion = 10.0.40219.1
Project("{FAE04EC0-301F-11D3-BF4B-00C04F79EFBC}") = "Prueba7", "Prueba7\Prueba7.csproj", "{745FAE35-19D9-41EB-8E67-7C19D2B28CCF}"
EndProject
Global
	GlobalSection(SolutionConfigurationPlatforms) = preSolution
		Debug|Any CPU = Debug|Any CPU
		Release|Any CPU = Release|Any CPU
	EndGlobalSection
	GlobalSection(ProjectConfigurationPlatforms) = postSolution
		{745FAE35-19D9-41EB-8E67-7C19D2B28CCF}.Debug|Any CPU.ActiveCfg = Debug|Any CPU
		{745FAE35-19D9-41EB-8E67-7C19D2B28CCF}.Debug|Any CPU.Build.0 = Debug|Any CPU
		{745FAE35-19D9-41EB-8E67-7C19D2B28CCF}.Release|Any CPU.ActiveCfg = Release|Any CPU
		{745FAE35-19D9-41EB-8E67-7C19D2B28CCF}.Release|Any CPU.Build.0 = Release|Any CPU
	EndGlobalSection
	GlobalSection(SolutionProperties) = preSolution
		HideSolutionNode = FALSE
	EndGlobalSection
	GlobalSection(ExtensibilityGlobals) = postSolution
		SolutionGuid = {4614818B-8D2C-4725-BBFA-0E28C21AF0E9}
	EndGlobalSection
EndGlobal
